// !$*UTF8*$!
{
	archiveVersion = 1;
	classes = {
	};
	objectVersion = 46;
	objects = {

/* Begin PBXBuildFile section */
		F70685921B2EDFB3001DCCBC /* AppDelegate.swift in Sources */ = {isa = PBXBuildFile; fileRef = F70685911B2EDFB3001DCCBC /* AppDelegate.swift */; };
		F70685941B2EDFB3001DCCBC /* ViewController.swift in Sources */ = {isa = PBXBuildFile; fileRef = F70685931B2EDFB3001DCCBC /* ViewController.swift */; };
		F70685971B2EDFB3001DCCBC /* Main.storyboard in Resources */ = {isa = PBXBuildFile; fileRef = F70685951B2EDFB3001DCCBC /* Main.storyboard */; };
		F70685991B2EDFB3001DCCBC /* Images.xcassets in Resources */ = {isa = PBXBuildFile; fileRef = F70685981B2EDFB3001DCCBC /* Images.xcassets */; };
		F706859C1B2EDFB3001DCCBC /* LaunchScreen.xib in Resources */ = {isa = PBXBuildFile; fileRef = F706859A1B2EDFB3001DCCBC /* LaunchScreen.xib */; };
		F70685A81B2EDFB3001DCCBC /* STDemo1Tests.swift in Sources */ = {isa = PBXBuildFile; fileRef = F70685A71B2EDFB3001DCCBC /* STDemo1Tests.swift */; };
/* End PBXBuildFile section */

/* Begin PBXContainerItemProxy section */
		F70685A21B2EDFB3001DCCBC /* PBXContainerItemProxy */ = {
			isa = PBXContainerItemProxy;
			containerPortal = F70685841B2EDFB3001DCCBC /* Project object */;
			proxyType = 1;
			remoteGlobalIDString = F706858B1B2EDFB3001DCCBC;
			remoteInfo = STDemo1;
		};
/* End PBXContainerItemProxy section */

/* Begin PBXFileReference section */
		F706858C1B2EDFB3001DCCBC /* STDemo1.app */ = {isa = PBXFileReference; explicitFileType = wrapper.application; includeInIndex = 0; path = STDemo1.app; sourceTree = BUILT_PRODUCTS_DIR; };
		F70685901B2EDFB3001DCCBC /* Info.plist */ = {isa = PBXFileReference; lastKnownFileType = text.plist.xml; path = Info.plist; sourceTree = "<group>"; };
		F70685911B2EDFB3001DCCBC /* AppDelegate.swift */ = {isa = PBXFileReference; lastKnownFileType = sourcecode.swift; path = AppDelegate.swift; sourceTree = "<group>"; };
		F70685931B2EDFB3001DCCBC /* ViewController.swift */ = {isa = PBXFileReference; lastKnownFileType = sourcecode.swift; path = ViewController.swift; sourceTree = "<group>"; };
		F70685961B2EDFB3001DCCBC /* Base */ = {isa = PBXFileReference; lastKnownFileType = file.storyboard; name = Base; path = Base.lproj/Main.storyboard; sourceTree = "<group>"; };
		F70685981B2EDFB3001DCCBC /* Images.xcassets */ = {isa = PBXFileReference; lastKnownFileType = folder.assetcatalog; path = Images.xcassets; sourceTree = "<group>"; };
		F706859B1B2EDFB3001DCCBC /* Base */ = {isa = PBXFileReference; lastKnownFileType = file.xib; name = Base; path = Base.lproj/LaunchScreen.xib; sourceTree = "<group>"; };
		F70685A11B2EDFB3001DCCBC /* STDemo1Tests.xctest */ = {isa = PBXFileReference; explicitFileType = wrapper.cfbundle; includeInIndex = 0; path = STDemo1Tests.xctest; sourceTree = BUILT_PRODUCTS_DIR; };
		F70685A61B2EDFB3001DCCBC /* Info.plist */ = {isa = PBXFileReference; lastKnownFileType = text.plist.xml; path = Info.plist; sourceTree = "<group>"; };
		F70685A71B2EDFB3001DCCBC /* STDemo1Tests.swift */ = {isa = PBXFileReference; lastKnownFileType = sourcecode.swift; path = STDemo1Tests.swift; sourceTree = "<group>"; };
/* End PBXFileReference section */

/* Begin PBXFrameworksBuildPhase section */
		F70685891B2EDFB3001DCCBC /* Frameworks */ = {
			isa = PBXFrameworksBuildPhase;
			buildActionMask = 2147483647;
			files = (
			);
			runOnlyForDeploymentPostprocessing = 0;
		};
		F706859E1B2EDFB3001DCCBC /* Frameworks */ = {
			isa = PBXFrameworksBuildPhase;
			buildActionMask = 2147483647;
			files = (
			);
			runOnlyForDeploymentPostprocessing = 0;
		};
/* End PBXFrameworksBuildPhase section */

/* Begin PBXGroup section */
		F70685831B2EDFB3001DCCBC = {
			isa = PBXGroup;
			children = (
				F706858E1B2EDFB3001DCCBC /* STDemo1 */,
				F70685A41B2EDFB3001DCCBC /* STDemo1Tests */,
				F706858D1B2EDFB3001DCCBC /* Products */,
			);
			sourceTree = "<group>";
		};
		F706858D1B2EDFB3001DCCBC /* Products */ = {
			isa = PBXGroup;
			children = (
				F706858C1B2EDFB3001DCCBC /* STDemo1.app */,
				F70685A11B2EDFB3001DCCBC /* STDemo1Tests.xctest */,
			);
			name = Products;
			sourceTree = "<group>";
		};
		F706858E1B2EDFB3001DCCBC /* STDemo1 */ = {
			isa = PBXGroup;
			children = (
				F70685911B2EDFB3001DCCBC /* AppDelegate.swift */,
				F70685931B2EDFB3001DCCBC /* ViewController.swift */,
				F70685951B2EDFB3001DCCBC /* Main.storyboard */,
				F70685981B2EDFB3001DCCBC /* Images.xcassets */,
				F706859A1B2EDFB3001DCCBC /* LaunchScreen.xib */,
				F706858F1B2EDFB3001DCCBC /* Supporting Files */,
			);
			path = STDemo1;
			sourceTree = "<group>";
		};
		F706858F1B2EDFB3001DCCBC /* Supporting Files */ = {
			isa = PBXGroup;
			children = (
				F70685901B2EDFB3001DCCBC /* Info.plist */,
			);
			name = "Supporting Files";
			sourceTree = "<group>";
		};
		F70685A41B2EDFB3001DCCBC /* STDemo1Tests */ = {
			isa = PBXGroup;
			children = (
				F70685A71B2EDFB3001DCCBC /* STDemo1Tests.swift */,
				F70685A51B2EDFB3001DCCBC /* Supporting Files */,
			);
			path = STDemo1Tests;
			sourceTree = "<group>";
		};
		F70685A51B2EDFB3001DCCBC /* Supporting Files */ = {
			isa = PBXGroup;
			children = (
				F70685A61B2EDFB3001DCCBC /* Info.plist */,
			);
			name = "Supporting Files";
			sourceTree = "<group>";
		};
/* End PBXGroup section */

/* Begin PBXNativeTarget section */
		F706858B1B2EDFB3001DCCBC /* STDemo1 */ = {
			isa = PBXNativeTarget;
			buildConfigurationList = F70685AB1B2EDFB3001DCCBC /* Build configuration list for PBXNativeTarget "STDemo1" */;
			buildPhases = (
				F70685881B2EDFB3001DCCBC /* Sources */,
				F70685891B2EDFB3001DCCBC /* Frameworks */,
				F706858A1B2EDFB3001DCCBC /* Resources */,
			);
			buildRules = (
			);
			dependencies = (
			);
			name = STDemo1;
			productName = STDemo1;
			productReference = F706858C1B2EDFB3001DCCBC /* STDemo1.app */;
			productType = "com.apple.product-type.application";
		};
		F70685A01B2EDFB3001DCCBC /* STDemo1Tests */ = {
			isa = PBXNativeTarget;
			buildConfigurationList = F70685AE1B2EDFB3001DCCBC /* Build configuration list for PBXNativeTarget "STDemo1Tests" */;
			buildPhases = (
				F706859D1B2EDFB3001DCCBC /* Sources */,
				F706859E1B2EDFB3001DCCBC /* Frameworks */,
				F706859F1B2EDFB3001DCCBC /* Resources */,
			);
			buildRules = (
			);
			dependencies = (
				F70685A31B2EDFB3001DCCBC /* PBXTargetDependency */,
			);
			name = STDemo1Tests;
			productName = STDemo1Tests;
			productReference = F70685A11B2EDFB3001DCCBC /* STDemo1Tests.xctest */;
			productType = "com.apple.product-type.bundle.unit-test";
		};
/* End PBXNativeTarget section */

/* Begin PBXProject section */
		F70685841B2EDFB3001DCCBC /* Project object */ = {
			isa = PBXProject;
			attributes = {
				LastUpgradeCheck = 0630;
				ORGANIZATIONNAME = "Umang Arya";
				TargetAttributes = {
					F706858B1B2EDFB3001DCCBC = {
						CreatedOnToolsVersion = 6.3.1;
					};
					F70685A01B2EDFB3001DCCBC = {
						CreatedOnToolsVersion = 6.3.1;
						TestTargetID = F706858B1B2EDFB3001DCCBC;
					};
				};
			};
			buildConfigurationList = F70685871B2EDFB3001DCCBC /* Build configuration list for PBXProject "STDemo1" */;
			compatibilityVersion = "Xcode 3.2";
			developmentRegion = English;
			hasScannedForEncodings = 0;
			knownRegions = (
				en,
				Base,
			);
			mainGroup = F70685831B2EDFB3001DCCBC;
			productRefGroup = F706858D1B2EDFB3001DCCBC /* Products */;
			projectDirPath = "";
			projectRoot = "";
			targets = (
				F706858B1B2EDFB3001DCCBC /* STDemo1 */,
				F70685A01B2EDFB3001DCCBC /* STDemo1Tests */,
			);
		};
/* End PBXProject section */

/* Begin PBXResourcesBuildPhase section */
		F706858A1B2EDFB3001DCCBC /* Resources */ = {
			isa = PBXResourcesBuildPhase;
			buildActionMask = 2147483647;
			files = (
				F70685971B2EDFB3001DCCBC /* Main.storyboard in Resources */,
				F706859C1B2EDFB3001DCCBC /* LaunchScreen.xib in Resources */,
				F70685991B2EDFB3001DCCBC /* Images.xcassets in Resources */,
			);
			runOnlyForDeploymentPostprocessing = 0;
		};
		F706859F1B2EDFB3001DCCBC /* Resources */ = {
			isa = PBXResourcesBuildPhase;
			buildActionMask = 2147483647;
			files = (
			);
			runOnlyForDeploymentPostprocessing = 0;
		};
/* End PBXResourcesBuildPhase section */

/* Begin PBXSourcesBuildPhase section */
		F70685881B2EDFB3001DCCBC /* Sources */ = {
			isa = PBXSourcesBuildPhase;
			buildActionMask = 2147483647;
			files = (
				F70685941B2EDFB3001DCCBC /* ViewController.swift in Sources */,
				F70685921B2EDFB3001DCCBC /* AppDelegate.swift in Sources */,
			);
			runOnlyForDeploymentPostprocessing = 0;
		};
		F706859D1B2EDFB3001DCCBC /* Sources */ = {
			isa = PBXSourcesBuildPhase;
			buildActionMask = 2147483647;
			files = (
				F70685A81B2EDFB3001DCCBC /* STDemo1Tests.swift in Sources */,
			);
			runOnlyForDeploymentPostprocessing = 0;
		};
/* End PBXSourcesBuildPhase section */

/* Begin PBXTargetDependency section */
		F70685A31B2EDFB3001DCCBC /* PBXTargetDependency */ = {
			isa = PBXTargetDependency;
			target = F706858B1B2EDFB3001DCCBC /* STDemo1 */;
			targetProxy = F70685A21B2EDFB3001DCCBC /* PBXContainerItemProxy */;
		};
/* End PBXTargetDependency section */

/* Begin PBXVariantGroup section */
		F70685951B2EDFB3001DCCBC /* Main.storyboard */ = {
			isa = PBXVariantGroup;
			children = (
				F70685961B2EDFB3001DCCBC /* Base */,
			);
			name = Main.storyboard;
			sourceTree = "<group>";
		};
		F706859A1B2EDFB3001DCCBC /* LaunchScreen.xib */ = {
			isa = PBXVariantGroup;
			children = (
				F706859B1B2EDFB3001DCCBC /* Base */,
			);
			name = LaunchScreen.xib;
			sourceTree = "<group>";
		};
/* End PBXVariantGroup section */

/* Begin XCBuildConfiguration section */
		F70685A91B2EDFB3001DCCBC /* Debug */ = {
			isa = XCBuildConfiguration;
			buildSettings = {
				ALWAYS_SEARCH_USER_PATHS = NO;
				CLANG_CXX_LANGUAGE_STANDARD = "gnu++0x";
				CLANG_CXX_LIBRARY = "libc++";
				CLANG_ENABLE_MODULES = YES;
				CLANG_ENABLE_OBJC_ARC = YES;
				CLANG_WARN_BOOL_CONVERSION = YES;
				CLANG_WARN_CONSTANT_CONVERSION = YES;
				CLANG_WARN_DIRECT_OBJC_ISA_USAGE = YES_ERROR;
				CLANG_WARN_EMPTY_BODY = YES;
				CLANG_WARN_ENUM_CONVERSION = YES;
				CLANG_WARN_INT_CONVERSION = YES;
				CLANG_WARN_OBJC_ROOT_CLASS = YES_ERROR;
				CLANG_WARN_UNREACHABLE_CODE = YES;
				CLANG_WARN__DUPLICATE_METHOD_MATCH = YES;
				"CODE_SIGN_IDENTITY[sdk=iphoneos*]" = "iPhone Developer";
				COPY_PHASE_STRIP = NO;
				DEBUG_INFORMATION_FORMAT = "dwarf-with-dsym";
				ENABLE_STRICT_OBJC_MSGSEND = YES;
				GCC_C_LANGUAGE_STANDARD = gnu99;
				GCC_DYNAMIC_NO_PIC = NO;
				GCC_NO_COMMON_BLOCKS = YES;
				GCC_OPTIMIZATION_LEVEL = 0;
				GCC_PREPROCESSOR_DEFINITIONS = (
					"DEBUG=1",
					"$(inherited)",
				);
				GCC_SYMBOLS_PRIVATE_EXTERN = NO;
				GCC_WARN_64_TO_32_BIT_CONVERSION = YES;
				GCC_WARN_ABOUT_RETURN_TYPE = YES_ERROR;
				GCC_WARN_UNDECLARED_SELECTOR = YES;
				GCC_WARN_UNINITIALIZED_AUTOS = YES_AGGRESSIVE;
				GCC_WARN_UNUSED_FUNCTION = YES;
				GCC_WARN_UNUSED_VARIABLE = YES;
				IPHONEOS_DEPLOYMENT_TARGET = 8.3;
				MTL_ENABLE_DEBUG_INFO = YES;
				ONLY_ACTIVE_ARCH = YES;
				SDKROOT = iphoneos;
				SWIFT_OPTIMIZATION_LEVEL = "-Onone";
				TARGETED_DEVICE_FAMILY = "1,2";
			};
			name = Debug;
		};
		F70685AA1B2EDFB3001DCCBC /* Release */ = {
			isa = XCBuildConfiguration;
			buildSettings = {
				ALWAYS_SEARCH_USER_PATHS = NO;
				CLANG_CXX_LANGUAGE_STANDARD = "gnu++0x";
				CLANG_CXX_LIBRARY = "libc++";
				CLANG_ENABLE_MODULES = YES;
				CLANG_ENABLE_OBJC_ARC = YES;
				CLANG_WARN_BOOL_CONVERSION = YES;
				CLANG_WARN_CONSTANT_CONVERSION = YES;
				CLANG_WARN_DIRECT_OBJC_ISA_USAGE = YES_ERROR;
				CLANG_WARN_EMPTY_BODY = YES;
				CLANG_WARN_ENUM_CONVERSION = YES;
				CLANG_WARN_INT_CONVERSION = YES;
				CLANG_WARN_OBJC_ROOT_CLASS = YES_ERROR;
				CLANG_WARN_UNREACHABLE_CODE = YES;
				CLANG_WARN__DUPLICATE_METHOD_MATCH = YES;
				"CODE_SIGN_IDENTITY[sdk=iphoneos*]" = "iPhone Developer";
				COPY_PHASE_STRIP = NO;
				DEBUG_INFORMATION_FORMAT = "dwarf-with-dsym";
				ENABLE_NS_ASSERTIONS = NO;
				ENABLE_STRICT_OBJC_MSGSEND = YES;
				GCC_C_LANGUAGE_STANDARD = gnu99;
				GCC_NO_COMMON_BLOCKS = YES;
				GCC_WARN_64_TO_32_BIT_CONVERSION = YES;
				GCC_WARN_ABOUT_RETURN_TYPE = YES_ERROR;
				GCC_WARN_UNDECLARED_SELECTOR = YES;
				GCC_WARN_UNINITIALIZED_AUTOS = YES_AGGRESSIVE;
				GCC_WARN_UNUSED_FUNCTION = YES;
				GCC_WARN_UNUSED_VARIABLE = YES;
				IPHONEOS_DEPLOYMENT_TARGET = 8.3;
				MTL_ENABLE_DEBUG_INFO = NO;
				SDKROOT = iphoneos;
				TARGETED_DEVICE_FAMILY = "1,2";
				VALIDATE_PRODUCT = YES;
			};
			name = Release;
		};
		F70685AC1B2EDFB3001DCCBC /* Debug */ = {
			isa = XCBuildConfiguration;
			buildSettings = {
				ASSETCATALOG_COMPILER_APPICON_NAME = AppIcon;
				INFOPLIST_FILE = STDemo1/Info.plist;
				LD_RUNPATH_SEARCH_PATHS = "$(inherited) @executable_path/Frameworks";
				PRODUCT_NAME = "$(TARGET_NAME)";
			};
			name = Debug;
		};
		F70685AD1B2EDFB3001DCCBC /* Release */ = {
			isa = XCBuildConfiguration;
			buildSettings = {
				ASSETCATALOG_COMPILER_APPICON_NAME = AppIcon;
				INFOPLIST_FILE = STDemo1/Info.plist;
				LD_RUNPATH_SEARCH_PATHS = "$(inherited) @executable_path/Frameworks";
				PRODUCT_NAME = "$(TARGET_NAME)";
			};
			name = Release;
		};
		F70685AF1B2EDFB3001DCCBC /* Debug */ = {
			isa = XCBuildConfiguration;
			buildSettings = {
				BUNDLE_LOADER = "$(TEST_HOST)";
				FRAMEWORK_SEARCH_PATHS = (
					"$(SDKROOT)/Developer/Library/Frameworks",
					"$(inherited)",
				);
				GCC_PREPROCESSOR_DEFINITIONS = (
					"DEBUG=1",
					"$(inherited)",
				);
				INFOPLIST_FILE = STDemo1Tests/Info.plist;
				LD_RUNPATH_SEARCH_PATHS = "$(inherited) @executable_path/Frameworks @loader_path/Frameworks";
				PRODUCT_NAME = "$(TARGET_NAME)";
				TEST_HOST = "$(BUILT_PRODUCTS_DIR)/STDemo1.app/STDemo1";
			};
			name = Debug;
		};
		F70685B01B2EDFB3001DCCBC /* Release */ = {
			isa = XCBuildConfiguration;
			buildSettings = {
				BUNDLE_LOADER = "$(TEST_HOST)";
				FRAMEWORK_SEARCH_PATHS = (
					"$(SDKROOT)/Developer/Library/Frameworks",
					"$(inherited)",
				);
				INFOPLIST_FILE = STDemo1Tests/Info.plist;
				LD_RUNPATH_SEARCH_PATHS = "$(inherited) @executable_path/Frameworks @loader_path/Frameworks";
				PRODUCT_NAME = "$(TARGET_NAME)";
				TEST_HOST = "$(BUILT_PRODUCTS_DIR)/STDemo1.app/STDemo1";
			};
			name = Release;
		};
/* End XCBuildConfiguration section */

/* Begin XCConfigurationList section */
		F70685871B2EDFB3001DCCBC /* Build configuration list for PBXProject "STDemo1" */ = {
			isa = XCConfigurationList;
			buildConfigurations = (
				F70685A91B2EDFB3001DCCBC /* Debug */,
				F70685AA1B2EDFB3001DCCBC /* Release */,
			);
			defaultConfigurationIsVisible = 0;
			defaultConfigurationName = Release;
		};
		F70685AB1B2EDFB3001DCCBC /* Build configuration list for PBXNativeTarget "STDemo1" */ = {
			isa = XCConfigurationList;
			buildConfigurations = (
				F70685AC1B2EDFB3001DCCBC /* Debug */,
				F70685AD1B2EDFB3001DCCBC /* Release */,
			);
			defaultConfigurationIsVisible = 0;
		};
		F70685AE1B2EDFB3001DCCBC /* Build configuration list for PBXNativeTarget "STDemo1Tests" */ = {
			isa = XCConfigurationList;
			buildConfigurations = (
				F70685AF1B2EDFB3001DCCBC /* Debug */,
				F70685B01B2EDFB3001DCCBC /* Release */,
			);
			defaultConfigurationIsVisible = 0;
		};
/* End XCConfigurationList section */
	};
	rootObject = F70685841B2EDFB3001DCCBC /* Project object */;
}
